
Microsoft Visual Studio Solution File, Format Version 12.00
# Visual Studio Version 17
VisualStudioVersion = 17.9.34902.65
MinimumVisualStudioVersion = 10.0.40219.1
Project("{FAE04EC0-301F-11D3-BF4B-00C04F79EFBC}") = "LinkedQueues", "LinkedQueues\LinkedQueues.csproj", "{42A4476C-2C34-4D15-83F8-E542961B177B}"
EndProject
Global
	GlobalSection(SolutionConfigurationPlatforms) = preSolution
		Debug|Any CPU = Debug|Any CPU
		Release|Any CPU = Release|Any CPU
	EndGlobalSection
	GlobalSection(ProjectConfigurationPlatforms) = postSolution
		{42A4476C-2C34-4D15-83F8-E542961B177B}.Debug|Any CPU.ActiveCfg = Debug|Any CPU
		{42A4476C-2C34-4D15-83F8-E542961B177B}.Debug|Any CPU.Build.0 = Debug|Any CPU
		{42A4476C-2C34-4D15-83F8-E542961B177B}.Release|Any CPU.ActiveCfg = Release|Any CPU
		{42A4476C-2C34-4D15-83F8-E542961B177B}.Release|Any CPU.Build.0 = Release|Any CPU
	EndGlobalSection
	GlobalSection(SolutionProperties) = preSolution
		HideSolutionNode = FALSE
	EndGlobalSection
	GlobalSection(ExtensibilityGlobals) = postSolution
		SolutionGuid = {3D763B94-3DC1-4357-BD1E-DF23E19CC794}
	EndGlobalSection
EndGlobal
